
Microsoft Visual Studio Solution File, Format Version 12.00
# Visual Studio Version 17
VisualStudioVersion = 17.4.33213.308
MinimumVisualStudioVersion = 10.0.40219.1
Project("{FAE04EC0-301F-11D3-BF4B-00C04F79EFBC}") = "ExamenSRCoppel", "ExamenSRCoppel.csproj", "{583CF4E3-30BE-4E7F-9ABE-E796DDBE8EF7}"
EndProject
Global
	GlobalSection(SolutionConfigurationPlatforms) = preSolution
		Debug|Any CPU = Debug|Any CPU
		Release|Any CPU = Release|Any CPU
	EndGlobalSection
	GlobalSection(ProjectConfigurationPlatforms) = postSolution
		{583CF4E3-30BE-4E7F-9ABE-E796DDBE8EF7}.Debug|Any CPU.ActiveCfg = Debug|Any CPU
		{583CF4E3-30BE-4E7F-9ABE-E796DDBE8EF7}.Debug|Any CPU.Build.0 = Debug|Any CPU
		{583CF4E3-30BE-4E7F-9ABE-E796DDBE8EF7}.Release|Any CPU.ActiveCfg = Release|Any CPU
		{583CF4E3-30BE-4E7F-9ABE-E796DDBE8EF7}.Release|Any CPU.Build.0 = Release|Any CPU
	EndGlobalSection
	GlobalSection(SolutionProperties) = preSolution
		HideSolutionNode = FALSE
	EndGlobalSection
	GlobalSection(ExtensibilityGlobals) = postSolution
		SolutionGuid = {DD464799-8065-41D6-8CAC-3E30193DB637}
	EndGlobalSection
EndGlobal
